
Microsoft Visual Studio Solution File, Format Version 12.00
# Visual Studio 15
VisualStudioVersion = 15.0.27703.2000
MinimumVisualStudioVersion = 10.0.40219.1
Project("{FAE04EC0-301F-11D3-BF4B-00C04F79EFBC}") = "CoopSystemWebApp", "CoopSystemWebApp.csproj", "{9F1B5B6F-1713-426C-A2ED-528E12A1A5A6}"
EndProject
Global
	GlobalSection(SolutionConfigurationPlatforms) = preSolution
		Debug|Any CPU = Debug|Any CPU
		Release|Any CPU = Release|Any CPU
	EndGlobalSection
	GlobalSection(ProjectConfigurationPlatforms) = postSolution
		{9F1B5B6F-1713-426C-A2ED-528E12A1A5A6}.Debug|Any CPU.ActiveCfg = Debug|Any CPU
		{9F1B5B6F-1713-426C-A2ED-528E12A1A5A6}.Debug|Any CPU.Build.0 = Debug|Any CPU
		{9F1B5B6F-1713-426C-A2ED-528E12A1A5A6}.Release|Any CPU.ActiveCfg = Release|Any CPU
		{9F1B5B6F-1713-426C-A2ED-528E12A1A5A6}.Release|Any CPU.Build.0 = Release|Any CPU
	EndGlobalSection
	GlobalSection(SolutionProperties) = preSolution
		HideSolutionNode = FALSE
	EndGlobalSection
	GlobalSection(ExtensibilityGlobals) = postSolution
		SolutionGuid = {E065228F-507F-4A4F-9AC8-270083BBD097}
	EndGlobalSection
EndGlobal
